
Microsoft Visual Studio Solution File, Format Version 12.00
# Visual Studio 15
VisualStudioVersion = 15.0.28307.572
MinimumVisualStudioVersion = 10.0.40219.1
Project("{9A19103F-16F7-4668-BE54-9A1E7A4F7556}") = "GenerateProcedureClass", "..\..\Tuhin\DonetApplication\GenerateProcedureClass\GenerateProcedureClass.csproj", "{29243690-D1B3-4056-BAD8-F75B76D56BA7}"
EndProject
Global
	GlobalSection(SolutionConfigurationPlatforms) = preSolution
		Debug|Any CPU = Debug|Any CPU
		Release|Any CPU = Release|Any CPU
	EndGlobalSection
	GlobalSection(ProjectConfigurationPlatforms) = postSolution
		{29243690-D1B3-4056-BAD8-F75B76D56BA7}.Debug|Any CPU.ActiveCfg = Debug|Any CPU
		{29243690-D1B3-4056-BAD8-F75B76D56BA7}.Debug|Any CPU.Build.0 = Debug|Any CPU
		{29243690-D1B3-4056-BAD8-F75B76D56BA7}.Release|Any CPU.ActiveCfg = Release|Any CPU
		{29243690-D1B3-4056-BAD8-F75B76D56BA7}.Release|Any CPU.Build.0 = Release|Any CPU
	EndGlobalSection
	GlobalSection(SolutionProperties) = preSolution
		HideSolutionNode = FALSE
	EndGlobalSection
	GlobalSection(ExtensibilityGlobals) = postSolution
		SolutionGuid = {6B15B708-E9E9-41CE-81BC-68BE0DEA1E5F}
	EndGlobalSection
EndGlobal
